
Microsoft Visual Studio Solution File, Format Version 12.00
Project("{2150E333-8FDC-42A3-9474-1A3956D46DE8}") = "Solution Items", "Solution Items", "{B1BFAD55-FDEB-4BBE-8732-63E63E3548F2}"
	ProjectSection(SolutionItems) = preProject
		compose.yaml = compose.yaml
	EndProjectSection
EndProject
Project("{FAE04EC0-301F-11D3-BF4B-00C04F79EFBC}") = "Web", "Web\Web.csproj", "{7D629719-FD12-46CB-9D81-356949E40EE9}"
EndProject
Project("{FAE04EC0-301F-11D3-BF4B-00C04F79EFBC}") = "Core", "Core\Core.csproj", "{F3D59832-F784-4338-91D3-EB8560EC768A}"
EndProject
Project("{FAE04EC0-301F-11D3-BF4B-00C04F79EFBC}") = "Data", "Data\Data.csproj", "{21B0E28C-07AC-4716-8CE7-7CF954D4307C}"
EndProject
Project("{2150E333-8FDC-42A3-9474-1A3956D46DE8}") = "MathLibs", "MathLibs", "{E55D7638-1709-4297-B7BB-1E20E74EE326}"
EndProject
Project("{FAE04EC0-301F-11D3-BF4B-00C04F79EFBC}") = "BaseLib", "BaseLib\BaseLib.csproj", "{7F83BC58-A7A7-41E1-9326-47D7FE6AA72B}"
EndProject
Project("{2150E333-8FDC-42A3-9474-1A3956D46DE8}") = "FrontEndRaw", "FrontEndRaw", "{8DBABC09-104D-45BC-93CA-1A521411588E}"
	ProjectSection(SolutionItems) = preProject
		FrontEndRaw\form.css = FrontEndRaw\form.css
		FrontEndRaw\form.html = FrontEndRaw\form.html
	EndProjectSection
EndProject
Project("{FAE04EC0-301F-11D3-BF4B-00C04F79EFBC}") = "Test", "Test\Test.csproj", "{6A0A3BD1-73B8-4524-A237-D742280F87AE}"
EndProject
Global
	GlobalSection(SolutionConfigurationPlatforms) = preSolution
		Debug|Any CPU = Debug|Any CPU
		Release|Any CPU = Release|Any CPU
	EndGlobalSection
	GlobalSection(ProjectConfigurationPlatforms) = postSolution
		{7D629719-FD12-46CB-9D81-356949E40EE9}.Debug|Any CPU.ActiveCfg = Debug|Any CPU
		{7D629719-FD12-46CB-9D81-356949E40EE9}.Debug|Any CPU.Build.0 = Debug|Any CPU
		{7D629719-FD12-46CB-9D81-356949E40EE9}.Release|Any CPU.ActiveCfg = Release|Any CPU
		{7D629719-FD12-46CB-9D81-356949E40EE9}.Release|Any CPU.Build.0 = Release|Any CPU
		{F3D59832-F784-4338-91D3-EB8560EC768A}.Debug|Any CPU.ActiveCfg = Debug|Any CPU
		{F3D59832-F784-4338-91D3-EB8560EC768A}.Debug|Any CPU.Build.0 = Debug|Any CPU
		{F3D59832-F784-4338-91D3-EB8560EC768A}.Release|Any CPU.ActiveCfg = Release|Any CPU
		{F3D59832-F784-4338-91D3-EB8560EC768A}.Release|Any CPU.Build.0 = Release|Any CPU
		{21B0E28C-07AC-4716-8CE7-7CF954D4307C}.Debug|Any CPU.ActiveCfg = Debug|Any CPU
		{21B0E28C-07AC-4716-8CE7-7CF954D4307C}.Debug|Any CPU.Build.0 = Debug|Any CPU
		{21B0E28C-07AC-4716-8CE7-7CF954D4307C}.Release|Any CPU.ActiveCfg = Release|Any CPU
		{21B0E28C-07AC-4716-8CE7-7CF954D4307C}.Release|Any CPU.Build.0 = Release|Any CPU
		{7F83BC58-A7A7-41E1-9326-47D7FE6AA72B}.Debug|Any CPU.ActiveCfg = Debug|Any CPU
		{7F83BC58-A7A7-41E1-9326-47D7FE6AA72B}.Debug|Any CPU.Build.0 = Debug|Any CPU
		{7F83BC58-A7A7-41E1-9326-47D7FE6AA72B}.Release|Any CPU.ActiveCfg = Release|Any CPU
		{7F83BC58-A7A7-41E1-9326-47D7FE6AA72B}.Release|Any CPU.Build.0 = Release|Any CPU
		{6A0A3BD1-73B8-4524-A237-D742280F87AE}.Debug|Any CPU.ActiveCfg = Debug|Any CPU
		{6A0A3BD1-73B8-4524-A237-D742280F87AE}.Debug|Any CPU.Build.0 = Debug|Any CPU
		{6A0A3BD1-73B8-4524-A237-D742280F87AE}.Release|Any CPU.ActiveCfg = Release|Any CPU
		{6A0A3BD1-73B8-4524-A237-D742280F87AE}.Release|Any CPU.Build.0 = Release|Any CPU
	EndGlobalSection
	GlobalSection(NestedProjects) = preSolution
		{7F83BC58-A7A7-41E1-9326-47D7FE6AA72B} = {E55D7638-1709-4297-B7BB-1E20E74EE326}
	EndGlobalSection
EndGlobal
